Microsoft Visual Studio Solution File, Format Version 12.00
# Visual Studio Version 17
VisualStudioVersion = 17.5.2.0
MinimumVisualStudioVersion = 10.0.40219.1
Project("{FAE04EC0-301F-11D3-BF4B-00C04F79EFBC}") = "PharmacyMS", "PharmacyMS.csproj", "{DE1C59C0-94D4-29C4-5839-01FBB52EDD26}"
EndProject
Global
	GlobalSection(SolutionConfigurationPlatforms) = preSolution
		Debug|Any CPU = Debug|Any CPU
		Release|Any CPU = Release|Any CPU
	EndGlobalSection
	GlobalSection(ProjectConfigurationPlatforms) = postSolution
		{DE1C59C0-94D4-29C4-5839-01FBB52EDD26}.Debug|Any CPU.ActiveCfg = Debug|Any CPU
		{DE1C59C0-94D4-29C4-5839-01FBB52EDD26}.Debug|Any CPU.Build.0 = Debug|Any CPU
		{DE1C59C0-94D4-29C4-5839-01FBB52EDD26}.Release|Any CPU.ActiveCfg = Release|Any CPU
		{DE1C59C0-94D4-29C4-5839-01FBB52EDD26}.Release|Any CPU.Build.0 = Release|Any CPU
	EndGlobalSection
	GlobalSection(SolutionProperties) = preSolution
		HideSolutionNode = FALSE
	EndGlobalSection
	GlobalSection(ExtensibilityGlobals) = postSolution
		SolutionGuid = {FFABBCF2-293C-445C-82E7-4E97BCF4B085}
	EndGlobalSection
EndGlobal
